
Microsoft Visual Studio Solution File, Format Version 12.00
# Visual Studio Version 16
VisualStudioVersion = 16.0.31019.35
MinimumVisualStudioVersion = 10.0.40219.1
Project("{FAE04EC0-301F-11D3-BF4B-00C04F79EFBC}") = "SuperStringDemo", "SuperStringDemo\SuperStringDemo.csproj", "{31048FFE-491C-4111-B46F-8DD0313D0921}"
EndProject
Global
	GlobalSection(SolutionConfigurationPlatforms) = preSolution
		Debug|Any CPU = Debug|Any CPU
		Release|Any CPU = Release|Any CPU
	EndGlobalSection
	GlobalSection(ProjectConfigurationPlatforms) = postSolution
		{31048FFE-491C-4111-B46F-8DD0313D0921}.Debug|Any CPU.ActiveCfg = Debug|Any CPU
		{31048FFE-491C-4111-B46F-8DD0313D0921}.Debug|Any CPU.Build.0 = Debug|Any CPU
		{31048FFE-491C-4111-B46F-8DD0313D0921}.Release|Any CPU.ActiveCfg = Release|Any CPU
		{31048FFE-491C-4111-B46F-8DD0313D0921}.Release|Any CPU.Build.0 = Release|Any CPU
	EndGlobalSection
	GlobalSection(SolutionProperties) = preSolution
		HideSolutionNode = FALSE
	EndGlobalSection
	GlobalSection(ExtensibilityGlobals) = postSolution
		SolutionGuid = {77B13169-5EC6-42FD-86BA-6DB1E030AF02}
	EndGlobalSection
EndGlobal
